// !$*UTF8*$!
{
	archiveVersion = 1;
	classes = {
	};
	objectVersion = 56;
	objects = {

/* Begin PBXBuildFile section */
		CEADA0032A89226900761AA5 /* AltArrowFixApp.swift in Sources */ = {isa = PBXBuildFile; fileRef = CEADA0022A89226900761AA5 /* AltArrowFixApp.swift */; };
		CEADA0052A89226900761AA5 /* ContentView.swift in Sources */ = {isa = PBXBuildFile; fileRef = CEADA0042A89226900761AA5 /* ContentView.swift */; };
		CEADA0072A89226A00761AA5 /* Assets.xcassets in Resources */ = {isa = PBXBuildFile; fileRef = CEADA0062A89226A00761AA5 /* Assets.xcassets */; };
		CEADA00A2A89226A00761AA5 /* Preview Assets.xcassets in Resources */ = {isa = PBXBuildFile; fileRef = CEADA0092A89226A00761AA5 /* Preview Assets.xcassets */; };
		CEADA0182A89230500761AA5 /* Cocoa.framework in Frameworks */ = {isa = PBXBuildFile; fileRef = CEADA0172A89230400761AA5 /* Cocoa.framework */; };
		CEADA01D2A89230500761AA5 /* SourceEditorExtension.swift in Sources */ = {isa = PBXBuildFile; fileRef = CEADA01C2A89230500761AA5 /* SourceEditorExtension.swift */; };
		CEADA01F2A89230500761AA5 /* SourceEditorCommand.swift in Sources */ = {isa = PBXBuildFile; fileRef = CEADA01E2A89230500761AA5 /* SourceEditorCommand.swift */; };
		CEADA0242A89230500761AA5 /* AltArrowExtension.appex in Embed Foundation Extensions */ = {isa = PBXBuildFile; fileRef = CEADA0152A89230400761AA5 /* AltArrowExtension.appex */; settings = {ATTRIBUTES = (RemoveHeadersOnCopy, ); }; };
		CEADA0292A89231500761AA5 /* XcodeKit.framework in Frameworks */ = {isa = PBXBuildFile; fileRef = CEADA0192A89230500761AA5 /* XcodeKit.framework */; };
		CEADA02A2A89231500761AA5 /* XcodeKit.framework in Embed Frameworks */ = {isa = PBXBuildFile; fileRef = CEADA0192A89230500761AA5 /* XcodeKit.framework */; settings = {ATTRIBUTES = (CodeSignOnCopy, RemoveHeadersOnCopy, ); }; };
/* End PBXBuildFile section */

/* Begin PBXContainerItemProxy section */
		CEADA0222A89230500761AA5 /* PBXContainerItemProxy */ = {
			isa = PBXContainerItemProxy;
			containerPortal = CEAD9FF72A89226900761AA5 /* Project object */;
			proxyType = 1;
			remoteGlobalIDString = CEADA0142A89230400761AA5;
			remoteInfo = AltArrowExtension;
		};
/* End PBXContainerItemProxy section */

/* Begin PBXCopyFilesBuildPhase section */
		CEADA0282A89230500761AA5 /* Embed Foundation Extensions */ = {
			isa = PBXCopyFilesBuildPhase;
			buildActionMask = 2147483647;
			dstPath = "";
			dstSubfolderSpec = 13;
			files = (
				CEADA0242A89230500761AA5 /* AltArrowExtension.appex in Embed Foundation Extensions */,
			);
			name = "Embed Foundation Extensions";
			runOnlyForDeploymentPostprocessing = 0;
		};
		CEADA02B2A89231500761AA5 /* Embed Frameworks */ = {
			isa = PBXCopyFilesBuildPhase;
			buildActionMask = 2147483647;
			dstPath = "";
			dstSubfolderSpec = 10;
			files = (
				CEADA02A2A89231500761AA5 /* XcodeKit.framework in Embed Frameworks */,
			);
			name = "Embed Frameworks";
			runOnlyForDeploymentPostprocessing = 0;
		};
/* End PBXCopyFilesBuildPhase section */

/* Begin PBXFileReference section */
		CEAD9FFF2A89226900761AA5 /* AltArrowFix.app */ = {isa = PBXFileReference; explicitFileType = wrapper.application; includeInIndex = 0; path = AltArrowFix.app; sourceTree = BUILT_PRODUCTS_DIR; };
		CEADA0022A89226900761AA5 /* AltArrowFixApp.swift */ = {isa = PBXFileReference; lastKnownFileType = sourcecode.swift; path = AltArrowFixApp.swift; sourceTree = "<group>"; };
		CEADA0042A89226900761AA5 /* ContentView.swift */ = {isa = PBXFileReference; lastKnownFileType = sourcecode.swift; path = ContentView.swift; sourceTree = "<group>"; };
		CEADA0062A89226A00761AA5 /* Assets.xcassets */ = {isa = PBXFileReference; lastKnownFileType = folder.assetcatalog; path = Assets.xcassets; sourceTree = "<group>"; };
		CEADA0092A89226A00761AA5 /* Preview Assets.xcassets */ = {isa = PBXFileReference; lastKnownFileType = folder.assetcatalog; path = "Preview Assets.xcassets"; sourceTree = "<group>"; };
		CEADA00B2A89226A00761AA5 /* AltArrowFix.entitlements */ = {isa = PBXFileReference; lastKnownFileType = text.plist.entitlements; path = AltArrowFix.entitlements; sourceTree = "<group>"; };
		CEADA0152A89230400761AA5 /* AltArrowExtension.appex */ = {isa = PBXFileReference; explicitFileType = "wrapper.app-extension"; includeInIndex = 0; path = AltArrowExtension.appex; sourceTree = BUILT_PRODUCTS_DIR; };
		CEADA0172A89230400761AA5 /* Cocoa.framework */ = {isa = PBXFileReference; lastKnownFileType = wrapper.framework; name = Cocoa.framework; path = System/Library/Frameworks/Cocoa.framework; sourceTree = SDKROOT; };
		CEADA0192A89230500761AA5 /* XcodeKit.framework */ = {isa = PBXFileReference; lastKnownFileType = wrapper.framework; name = XcodeKit.framework; path = Library/Frameworks/XcodeKit.framework; sourceTree = DEVELOPER_DIR; };
		CEADA01C2A89230500761AA5 /* SourceEditorExtension.swift */ = {isa = PBXFileReference; lastKnownFileType = sourcecode.swift; path = SourceEditorExtension.swift; sourceTree = "<group>"; };
		CEADA01E2A89230500761AA5 /* SourceEditorCommand.swift */ = {isa = PBXFileReference; lastKnownFileType = sourcecode.swift; path = SourceEditorCommand.swift; sourceTree = "<group>"; };
		CEADA0202A89230500761AA5 /* Info.plist */ = {isa = PBXFileReference; lastKnownFileType = text.plist.xml; path = Info.plist; sourceTree = "<group>"; };
		CEADA0212A89230500761AA5 /* AltArrowExtension.entitlements */ = {isa = PBXFileReference; lastKnownFileType = text.plist.entitlements; path = AltArrowExtension.entitlements; sourceTree = "<group>"; };
/* End PBXFileReference section */

/* Begin PBXFrameworksBuildPhase section */
		CEAD9FFC2A89226900761AA5 /* Frameworks */ = {
			isa = PBXFrameworksBuildPhase;
			buildActionMask = 2147483647;
			files = (
			);
			runOnlyForDeploymentPostprocessing = 0;
		};
		CEADA0122A89230400761AA5 /* Frameworks */ = {
			isa = PBXFrameworksBuildPhase;
			buildActionMask = 2147483647;
			files = (
				CEADA0182A89230500761AA5 /* Cocoa.framework in Frameworks */,
				CEADA0292A89231500761AA5 /* XcodeKit.framework in Frameworks */,
			);
			runOnlyForDeploymentPostprocessing = 0;
		};
/* End PBXFrameworksBuildPhase section */

/* Begin PBXGroup section */
		CEAD9FF62A89226900761AA5 = {
			isa = PBXGroup;
			children = (
				CEADA0012A89226900761AA5 /* AltArrowFix */,
				CEADA01B2A89230500761AA5 /* AltArrowExtension */,
				CEADA0162A89230400761AA5 /* Frameworks */,
				CEADA0002A89226900761AA5 /* Products */,
			);
			sourceTree = "<group>";
		};
		CEADA0002A89226900761AA5 /* Products */ = {
			isa = PBXGroup;
			children = (
				CEAD9FFF2A89226900761AA5 /* AltArrowFix.app */,
				CEADA0152A89230400761AA5 /* AltArrowExtension.appex */,
			);
			name = Products;
			sourceTree = "<group>";
		};
		CEADA0012A89226900761AA5 /* AltArrowFix */ = {
			isa = PBXGroup;
			children = (
				CEADA0022A89226900761AA5 /* AltArrowFixApp.swift */,
				CEADA0042A89226900761AA5 /* ContentView.swift */,
				CEADA0062A89226A00761AA5 /* Assets.xcassets */,
				CEADA00B2A89226A00761AA5 /* AltArrowFix.entitlements */,
				CEADA0082A89226A00761AA5 /* Preview Content */,
			);
			path = AltArrowFix;
			sourceTree = "<group>";
		};
		CEADA0082A89226A00761AA5 /* Preview Content */ = {
			isa = PBXGroup;
			children = (
				CEADA0092A89226A00761AA5 /* Preview Assets.xcassets */,
			);
			path = "Preview Content";
			sourceTree = "<group>";
		};
		CEADA0162A89230400761AA5 /* Frameworks */ = {
			isa = PBXGroup;
			children = (
				CEADA0172A89230400761AA5 /* Cocoa.framework */,
				CEADA0192A89230500761AA5 /* XcodeKit.framework */,
			);
			name = Frameworks;
			sourceTree = "<group>";
		};
		CEADA01B2A89230500761AA5 /* AltArrowExtension */ = {
			isa = PBXGroup;
			children = (
				CEADA01C2A89230500761AA5 /* SourceEditorExtension.swift */,
				CEADA01E2A89230500761AA5 /* SourceEditorCommand.swift */,
				CEADA0202A89230500761AA5 /* Info.plist */,
				CEADA0212A89230500761AA5 /* AltArrowExtension.entitlements */,
			);
			path = AltArrowExtension;
			sourceTree = "<group>";
		};
/* End PBXGroup section */

/* Begin PBXNativeTarget section */
		CEAD9FFE2A89226900761AA5 /* AltArrowFix */ = {
			isa = PBXNativeTarget;
			buildConfigurationList = CEADA00E2A89226A00761AA5 /* Build configuration list for PBXNativeTarget "AltArrowFix" */;
			buildPhases = (
				CEAD9FFB2A89226900761AA5 /* Sources */,
				CEAD9FFC2A89226900761AA5 /* Frameworks */,
				CEAD9FFD2A89226900761AA5 /* Resources */,
				CEADA0282A89230500761AA5 /* Embed Foundation Extensions */,
			);
			buildRules = (
			);
			dependencies = (
				CEADA0232A89230500761AA5 /* PBXTargetDependency */,
			);
			name = AltArrowFix;
			productName = AltArrowFix;
			productReference = CEAD9FFF2A89226900761AA5 /* AltArrowFix.app */;
			productType = "com.apple.product-type.application";
		};
		CEADA0142A89230400761AA5 /* AltArrowExtension */ = {
			isa = PBXNativeTarget;
			buildConfigurationList = CEADA0252A89230500761AA5 /* Build configuration list for PBXNativeTarget "AltArrowExtension" */;
			buildPhases = (
				CEADA0112A89230400761AA5 /* Sources */,
				CEADA0122A89230400761AA5 /* Frameworks */,
				CEADA0132A89230400761AA5 /* Resources */,
				CEADA02B2A89231500761AA5 /* Embed Frameworks */,
			);
			buildRules = (
			);
			dependencies = (
			);
			name = AltArrowExtension;
			productName = AltArrowExtension;
			productReference = CEADA0152A89230400761AA5 /* AltArrowExtension.appex */;
			productType = "com.apple.product-type.xcode-extension";
		};
/* End PBXNativeTarget section */

/* Begin PBXProject section */
		CEAD9FF72A89226900761AA5 /* Project object */ = {
			isa = PBXProject;
			attributes = {
				BuildIndependentTargetsInParallel = 1;
				LastSwiftUpdateCheck = 1430;
				LastUpgradeCheck = 1430;
				TargetAttributes = {
					CEAD9FFE2A89226900761AA5 = {
						CreatedOnToolsVersion = 14.3.1;
					};
					CEADA0142A89230400761AA5 = {
						CreatedOnToolsVersion = 14.3.1;
					};
				};
			};
			buildConfigurationList = CEAD9FFA2A89226900761AA5 /* Build configuration list for PBXProject "AltArrowFix" */;
			compatibilityVersion = "Xcode 14.0";
			developmentRegion = en;
			hasScannedForEncodings = 0;
			knownRegions = (
				en,
				Base,
			);
			mainGroup = CEAD9FF62A89226900761AA5;
			productRefGroup = CEADA0002A89226900761AA5 /* Products */;
			projectDirPath = "";
			projectRoot = "";
			targets = (
				CEAD9FFE2A89226900761AA5 /* AltArrowFix */,
				CEADA0142A89230400761AA5 /* AltArrowExtension */,
			);
		};
/* End PBXProject section */

/* Begin PBXResourcesBuildPhase section */
		CEAD9FFD2A89226900761AA5 /* Resources */ = {
			isa = PBXResourcesBuildPhase;
			buildActionMask = 2147483647;
			files = (
				CEADA00A2A89226A00761AA5 /* Preview Assets.xcassets in Resources */,
				CEADA0072A89226A00761AA5 /* Assets.xcassets in Resources */,
			);
			runOnlyForDeploymentPostprocessing = 0;
		};
		CEADA0132A89230400761AA5 /* Resources */ = {
			isa = PBXResourcesBuildPhase;
			buildActionMask = 2147483647;
			files = (
			);
			runOnlyForDeploymentPostprocessing = 0;
		};
/* End PBXResourcesBuildPhase section */

/* Begin PBXSourcesBuildPhase section */
		CEAD9FFB2A89226900761AA5 /* Sources */ = {
			isa = PBXSourcesBuildPhase;
			buildActionMask = 2147483647;
			files = (
				CEADA0052A89226900761AA5 /* ContentView.swift in Sources */,
				CEADA0032A89226900761AA5 /* AltArrowFixApp.swift in Sources */,
			);
			runOnlyForDeploymentPostprocessing = 0;
		};
		CEADA0112A89230400761AA5 /* Sources */ = {
			isa = PBXSourcesBuildPhase;
			buildActionMask = 2147483647;
			files = (
				CEADA01D2A89230500761AA5 /* SourceEditorExtension.swift in Sources */,
				CEADA01F2A89230500761AA5 /* SourceEditorCommand.swift in Sources */,
			);
			runOnlyForDeploymentPostprocessing = 0;
		};
/* End PBXSourcesBuildPhase section */

/* Begin PBXTargetDependency section */
		CEADA0232A89230500761AA5 /* PBXTargetDependency */ = {
			isa = PBXTargetDependency;
			target = CEADA0142A89230400761AA5 /* AltArrowExtension */;
			targetProxy = CEADA0222A89230500761AA5 /* PBXContainerItemProxy */;
		};
/* End PBXTargetDependency section */

/* Begin XCBuildConfiguration section */
		CEADA00C2A89226A00761AA5 /* Debug */ = {
			isa = XCBuildConfiguration;
			buildSettings = {
				ALWAYS_SEARCH_USER_PATHS = NO;
				CLANG_ANALYZER_NONNULL = YES;
				CLANG_ANALYZER_NUMBER_OBJECT_CONVERSION = YES_AGGRESSIVE;
				CLANG_CXX_LANGUAGE_STANDARD = "gnu++20";
				CLANG_ENABLE_MODULES = YES;
				CLANG_ENABLE_OBJC_ARC = YES;
				CLANG_ENABLE_OBJC_WEAK = YES;
				CLANG_WARN_BLOCK_CAPTURE_AUTORELEASING = YES;
				CLANG_WARN_BOOL_CONVERSION = YES;
				CLANG_WARN_COMMA = YES;
				CLANG_WARN_CONSTANT_CONVERSION = YES;
				CLANG_WARN_DEPRECATED_OBJC_IMPLEMENTATIONS = YES;
				CLANG_WARN_DIRECT_OBJC_ISA_USAGE = YES_ERROR;
				CLANG_WARN_DOCUMENTATION_COMMENTS = YES;
				CLANG_WARN_EMPTY_BODY = YES;
				CLANG_WARN_ENUM_CONVERSION = YES;
				CLANG_WARN_INFINITE_RECURSION = YES;
				CLANG_WARN_INT_CONVERSION = YES;
				CLANG_WARN_NON_LITERAL_NULL_CONVERSION = YES;
				CLANG_WARN_OBJC_IMPLICIT_RETAIN_SELF = YES;
				CLANG_WARN_OBJC_LITERAL_CONVERSION = YES;
				CLANG_WARN_OBJC_ROOT_CLASS = YES_ERROR;
				CLANG_WARN_QUOTED_INCLUDE_IN_FRAMEWORK_HEADER = YES;
				CLANG_WARN_RANGE_LOOP_ANALYSIS = YES;
				CLANG_WARN_STRICT_PROTOTYPES = YES;
				CLANG_WARN_SUSPICIOUS_MOVE = YES;
				CLANG_WARN_UNGUARDED_AVAILABILITY = YES_AGGRESSIVE;
				CLANG_WARN_UNREACHABLE_CODE = YES;
				CLANG_WARN__DUPLICATE_METHOD_MATCH = YES;
				COPY_PHASE_STRIP = NO;
				DEBUG_INFORMATION_FORMAT = dwarf;
				ENABLE_STRICT_OBJC_MSGSEND = YES;
				ENABLE_TESTABILITY = YES;
				GCC_C_LANGUAGE_STANDARD = gnu11;
				GCC_DYNAMIC_NO_PIC = NO;
				GCC_NO_COMMON_BLOCKS = YES;
				GCC_OPTIMIZATION_LEVEL = 0;
				GCC_PREPROCESSOR_DEFINITIONS = (
					"DEBUG=1",
					"$(inherited)",
				);
				GCC_WARN_64_TO_32_BIT_CONVERSION = YES;
				GCC_WARN_ABOUT_RETURN_TYPE = YES_ERROR;
				GCC_WARN_UNDECLARED_SELECTOR = YES;
				GCC_WARN_UNINITIALIZED_AUTOS = YES_AGGRESSIVE;
				GCC_WARN_UNUSED_FUNCTION = YES;
				GCC_WARN_UNUSED_VARIABLE = YES;
				MACOSX_DEPLOYMENT_TARGET = 13.0;
				MTL_ENABLE_DEBUG_INFO = INCLUDE_SOURCE;
				MTL_FAST_MATH = YES;
				ONLY_ACTIVE_ARCH = YES;
				SDKROOT = macosx;
				SWIFT_ACTIVE_COMPILATION_CONDITIONS = DEBUG;
				SWIFT_OPTIMIZATION_LEVEL = "-Onone";
			};
			name = Debug;
		};
		CEADA00D2A89226A00761AA5 /* Release */ = {
			isa = XCBuildConfiguration;
			buildSettings = {
				ALWAYS_SEARCH_USER_PATHS = NO;
				CLANG_ANALYZER_NONNULL = YES;
				CLANG_ANALYZER_NUMBER_OBJECT_CONVERSION = YES_AGGRESSIVE;
				CLANG_CXX_LANGUAGE_STANDARD = "gnu++20";
				CLANG_ENABLE_MODULES = YES;
				CLANG_ENABLE_OBJC_ARC = YES;
				CLANG_ENABLE_OBJC_WEAK = YES;
				CLANG_WARN_BLOCK_CAPTURE_AUTORELEASING = YES;
				CLANG_WARN_BOOL_CONVERSION = YES;
				CLANG_WARN_COMMA = YES;
				CLANG_WARN_CONSTANT_CONVERSION = YES;
				CLANG_WARN_DEPRECATED_OBJC_IMPLEMENTATIONS = YES;
				CLANG_WARN_DIRECT_OBJC_ISA_USAGE = YES_ERROR;
				CLANG_WARN_DOCUMENTATION_COMMENTS = YES;
				CLANG_WARN_EMPTY_BODY = YES;
				CLANG_WARN_ENUM_CONVERSION = YES;
				CLANG_WARN_INFINITE_RECURSION = YES;
				CLANG_WARN_INT_CONVERSION = YES;
				CLANG_WARN_NON_LITERAL_NULL_CONVERSION = YES;
				CLANG_WARN_OBJC_IMPLICIT_RETAIN_SELF = YES;
				CLANG_WARN_OBJC_LITERAL_CONVERSION = YES;
				CLANG_WARN_OBJC_ROOT_CLASS = YES_ERROR;
				CLANG_WARN_QUOTED_INCLUDE_IN_FRAMEWORK_HEADER = YES;
				CLANG_WARN_RANGE_LOOP_ANALYSIS = YES;
				CLANG_WARN_STRICT_PROTOTYPES = YES;
				CLANG_WARN_SUSPICIOUS_MOVE = YES;
				CLANG_WARN_UNGUARDED_AVAILABILITY = YES_AGGRESSIVE;
				CLANG_WARN_UNREACHABLE_CODE = YES;
				CLANG_WARN__DUPLICATE_METHOD_MATCH = YES;
				COPY_PHASE_STRIP = NO;
				DEBUG_INFORMATION_FORMAT = "dwarf-with-dsym";
				ENABLE_NS_ASSERTIONS = NO;
				ENABLE_STRICT_OBJC_MSGSEND = YES;
				GCC_C_LANGUAGE_STANDARD = gnu11;
				GCC_NO_COMMON_BLOCKS = YES;
				GCC_WARN_64_TO_32_BIT_CONVERSION = YES;
				GCC_WARN_ABOUT_RETURN_TYPE = YES_ERROR;
				GCC_WARN_UNDECLARED_SELECTOR = YES;
				GCC_WARN_UNINITIALIZED_AUTOS = YES_AGGRESSIVE;
				GCC_WARN_UNUSED_FUNCTION = YES;
				GCC_WARN_UNUSED_VARIABLE = YES;
				MACOSX_DEPLOYMENT_TARGET = 13.0;
				MTL_ENABLE_DEBUG_INFO = NO;
				MTL_FAST_MATH = YES;
				SDKROOT = macosx;
				SWIFT_COMPILATION_MODE = wholemodule;
				SWIFT_OPTIMIZATION_LEVEL = "-O";
			};
			name = Release;
		};
		CEADA00F2A89226A00761AA5 /* Debug */ = {
			isa = XCBuildConfiguration;
			buildSettings = {
				ALWAYS_EMBED_SWIFT_STANDARD_LIBRARIES = YES;
				ASSETCATALOG_COMPILER_APPICON_NAME = AppIcon;
				ASSETCATALOG_COMPILER_GLOBAL_ACCENT_COLOR_NAME = AccentColor;
				CODE_SIGN_ENTITLEMENTS = AltArrowFix/AltArrowFix.entitlements;
				CODE_SIGN_STYLE = Automatic;
				COMBINE_HIDPI_IMAGES = YES;
				CURRENT_PROJECT_VERSION = 1;
				DEVELOPMENT_ASSET_PATHS = "\"AltArrowFix/Preview Content\"";
				DEVELOPMENT_TEAM = U537EV56Z3;
				ENABLE_HARDENED_RUNTIME = YES;
				ENABLE_PREVIEWS = YES;
				GENERATE_INFOPLIST_FILE = YES;
				INFOPLIST_KEY_NSHumanReadableCopyright = "";
				LD_RUNPATH_SEARCH_PATHS = (
					"$(inherited)",
					"@executable_path/../Frameworks",
				);
				MARKETING_VERSION = 1.0;
				PRODUCT_BUNDLE_IDENTIFIER = com.purpleclique.AltArrowFix;
				PRODUCT_NAME = "$(TARGET_NAME)";
				SWIFT_EMIT_LOC_STRINGS = YES;
				SWIFT_VERSION = 5.0;
			};
			name = Debug;
		};
		CEADA0102A89226A00761AA5 /* Release */ = {
			isa = XCBuildConfiguration;
			buildSettings = {
				ALWAYS_EMBED_SWIFT_STANDARD_LIBRARIES = YES;
				ASSETCATALOG_COMPILER_APPICON_NAME = AppIcon;
				ASSETCATALOG_COMPILER_GLOBAL_ACCENT_COLOR_NAME = AccentColor;
				CODE_SIGN_ENTITLEMENTS = AltArrowFix/AltArrowFix.entitlements;
				CODE_SIGN_STYLE = Automatic;
				COMBINE_HIDPI_IMAGES = YES;
				CURRENT_PROJECT_VERSION = 1;
				DEVELOPMENT_ASSET_PATHS = "\"AltArrowFix/Preview Content\"";
				DEVELOPMENT_TEAM = U537EV56Z3;
				ENABLE_HARDENED_RUNTIME = YES;
				ENABLE_PREVIEWS = YES;
				GENERATE_INFOPLIST_FILE = YES;
				INFOPLIST_KEY_NSHumanReadableCopyright = "";
				LD_RUNPATH_SEARCH_PATHS = (
					"$(inherited)",
					"@executable_path/../Frameworks",
				);
				MARKETING_VERSION = 1.0;
				PRODUCT_BUNDLE_IDENTIFIER = com.purpleclique.AltArrowFix;
				PRODUCT_NAME = "$(TARGET_NAME)";
				SWIFT_EMIT_LOC_STRINGS = YES;
				SWIFT_VERSION = 5.0;
			};
			name = Release;
		};
		CEADA0262A89230500761AA5 /* Debug */ = {
			isa = XCBuildConfiguration;
			buildSettings = {
				CODE_SIGN_ENTITLEMENTS = AltArrowExtension/AltArrowExtension.entitlements;
				CODE_SIGN_STYLE = Automatic;
				COMBINE_HIDPI_IMAGES = YES;
				CURRENT_PROJECT_VERSION = 1;
				DEVELOPMENT_TEAM = U537EV56Z3;
				ENABLE_HARDENED_RUNTIME = YES;
				GENERATE_INFOPLIST_FILE = YES;
				INFOPLIST_FILE = AltArrowExtension/Info.plist;
				INFOPLIST_KEY_CFBundleDisplayName = AltArrowExtension;
				INFOPLIST_KEY_NSHumanReadableCopyright = "";
				LD_RUNPATH_SEARCH_PATHS = (
					"$(inherited)",
					"@executable_path/../Frameworks",
					"@executable_path/../../../../Frameworks",
				);
				MARKETING_VERSION = 1.0;
				PRODUCT_BUNDLE_IDENTIFIER = com.purpleclique.AltArrowFix.AltArrowExtension;
				PRODUCT_NAME = "$(TARGET_NAME)";
				SKIP_INSTALL = YES;
				SWIFT_EMIT_LOC_STRINGS = YES;
				SWIFT_VERSION = 5.0;
			};
			name = Debug;
		};
		CEADA0272A89230500761AA5 /* Release */ = {
			isa = XCBuildConfiguration;
			buildSettings = {
				CODE_SIGN_ENTITLEMENTS = AltArrowExtension/AltArrowExtension.entitlements;
				CODE_SIGN_STYLE = Automatic;
				COMBINE_HIDPI_IMAGES = YES;
				CURRENT_PROJECT_VERSION = 1;
				DEVELOPMENT_TEAM = U537EV56Z3;
				ENABLE_HARDENED_RUNTIME = YES;
				GENERATE_INFOPLIST_FILE = YES;
				INFOPLIST_FILE = AltArrowExtension/Info.plist;
				INFOPLIST_KEY_CFBundleDisplayName = AltArrowExtension;
				INFOPLIST_KEY_NSHumanReadableCopyright = "";
				LD_RUNPATH_SEARCH_PATHS = (
					"$(inherited)",
					"@executable_path/../Frameworks",
					"@executable_path/../../../../Frameworks",
				);
				MARKETING_VERSION = 1.0;
				PRODUCT_BUNDLE_IDENTIFIER = com.purpleclique.AltArrowFix.AltArrowExtension;
				PRODUCT_NAME = "$(TARGET_NAME)";
				SKIP_INSTALL = YES;
				SWIFT_EMIT_LOC_STRINGS = YES;
				SWIFT_VERSION = 5.0;
			};
			name = Release;
		};
/* End XCBuildConfiguration section */

/* Begin XCConfigurationList section */
		CEAD9FFA2A89226900761AA5 /* Build configuration list for PBXProject "AltArrowFix" */ = {
			isa = XCConfigurationList;
			buildConfigurations = (
				CEADA00C2A89226A00761AA5 /* Debug */,
				CEADA00D2A89226A00761AA5 /* Release */,
			);
			defaultConfigurationIsVisible = 0;
			defaultConfigurationName = Release;
		};
		CEADA00E2A89226A00761AA5 /* Build configuration list for PBXNativeTarget "AltArrowFix" */ = {
			isa = XCConfigurationList;
			buildConfigurations = (
				CEADA00F2A89226A00761AA5 /* Debug */,
				CEADA0102A89226A00761AA5 /* Release */,
			);
			defaultConfigurationIsVisible = 0;
			defaultConfigurationName = Release;
		};
		CEADA0252A89230500761AA5 /* Build configuration list for PBXNativeTarget "AltArrowExtension" */ = {
			isa = XCConfigurationList;
			buildConfigurations = (
				CEADA0262A89230500761AA5 /* Debug */,
				CEADA0272A89230500761AA5 /* Release */,
			);
			defaultConfigurationIsVisible = 0;
			defaultConfigurationName = Release;
		};
/* End XCConfigurationList section */
	};
	rootObject = CEAD9FF72A89226900761AA5 /* Project object */;
}
